
Microsoft Visual Studio Solution File, Format Version 12.00
# Visual Studio Version 17
VisualStudioVersion = 17.3.32901.215
MinimumVisualStudioVersion = 10.0.40219.1
Project("{9A19103F-16F7-4668-BE54-9A1E7A4F7556}") = "WebApplication1", "WebApplication1\WebApplication1.csproj", "{7655BB02-3D33-4291-84FB-8FCFAA2153F5}"
EndProject
Global
	GlobalSection(SolutionConfigurationPlatforms) = preSolution
		Debug|Any CPU = Debug|Any CPU
		Release|Any CPU = Release|Any CPU
	EndGlobalSection
	GlobalSection(ProjectConfigurationPlatforms) = postSolution
		{7655BB02-3D33-4291-84FB-8FCFAA2153F5}.Debug|Any CPU.ActiveCfg = Debug|Any CPU
		{7655BB02-3D33-4291-84FB-8FCFAA2153F5}.Debug|Any CPU.Build.0 = Debug|Any CPU
		{7655BB02-3D33-4291-84FB-8FCFAA2153F5}.Release|Any CPU.ActiveCfg = Release|Any CPU
		{7655BB02-3D33-4291-84FB-8FCFAA2153F5}.Release|Any CPU.Build.0 = Release|Any CPU
	EndGlobalSection
	GlobalSection(SolutionProperties) = preSolution
		HideSolutionNode = FALSE
	EndGlobalSection
	GlobalSection(ExtensibilityGlobals) = postSolution
		SolutionGuid = {0D5D973C-B241-4C01-861C-7639BB99F915}
	EndGlobalSection
EndGlobal
